
Microsoft Visual Studio Solution File, Format Version 12.00
# Visual Studio Version 16
VisualStudioVersion = 16.0.30717.126
MinimumVisualStudioVersion = 10.0.40219.1
Project("{9A19103F-16F7-4668-BE54-9A1E7A4F7556}") = "TestAPI", "TestAPI\TestAPI.csproj", "{9FAEF847-CE66-4CC8-8702-F088D1323519}"
EndProject
Project("{9A19103F-16F7-4668-BE54-9A1E7A4F7556}") = "tdb.framework.webapi.standard", "tdb.framework.webapi.standard\tdb.framework.webapi.standard.csproj", "{2A96D7D3-A9B9-47EB-9ABB-C79F27519383}"
EndProject
Project("{9A19103F-16F7-4668-BE54-9A1E7A4F7556}") = "tdb.framework.webapi", "tdb.framework.webapi\tdb.framework.webapi.csproj", "{8F89BD84-8B18-4ED5-9842-739A376EA019}"
EndProject
Global
	GlobalSection(SolutionConfigurationPlatforms) = preSolution
		Debug|Any CPU = Debug|Any CPU
		Release|Any CPU = Release|Any CPU
	EndGlobalSection
	GlobalSection(ProjectConfigurationPlatforms) = postSolution
		{9FAEF847-CE66-4CC8-8702-F088D1323519}.Debug|Any CPU.ActiveCfg = Debug|Any CPU
		{9FAEF847-CE66-4CC8-8702-F088D1323519}.Debug|Any CPU.Build.0 = Debug|Any CPU
		{9FAEF847-CE66-4CC8-8702-F088D1323519}.Release|Any CPU.ActiveCfg = Release|Any CPU
		{9FAEF847-CE66-4CC8-8702-F088D1323519}.Release|Any CPU.Build.0 = Release|Any CPU
		{2A96D7D3-A9B9-47EB-9ABB-C79F27519383}.Debug|Any CPU.ActiveCfg = Debug|Any CPU
		{2A96D7D3-A9B9-47EB-9ABB-C79F27519383}.Debug|Any CPU.Build.0 = Debug|Any CPU
		{2A96D7D3-A9B9-47EB-9ABB-C79F27519383}.Release|Any CPU.ActiveCfg = Release|Any CPU
		{2A96D7D3-A9B9-47EB-9ABB-C79F27519383}.Release|Any CPU.Build.0 = Release|Any CPU
		{8F89BD84-8B18-4ED5-9842-739A376EA019}.Debug|Any CPU.ActiveCfg = Debug|Any CPU
		{8F89BD84-8B18-4ED5-9842-739A376EA019}.Debug|Any CPU.Build.0 = Debug|Any CPU
		{8F89BD84-8B18-4ED5-9842-739A376EA019}.Release|Any CPU.ActiveCfg = Release|Any CPU
		{8F89BD84-8B18-4ED5-9842-739A376EA019}.Release|Any CPU.Build.0 = Release|Any CPU
	EndGlobalSection
	GlobalSection(SolutionProperties) = preSolution
		HideSolutionNode = FALSE
	EndGlobalSection
	GlobalSection(ExtensibilityGlobals) = postSolution
		SolutionGuid = {8F5795CE-9938-4ADD-AE41-57DF09CB8B90}
	EndGlobalSection
EndGlobal
